// !$*UTF8*$!
{
	archiveVersion = 1;
	classes = {
	};
	objectVersion = 56;
	objects = {

/* Begin PBXBuildFile section */
		2E21D9D7366F3DCF4C92F169 /* Pods_FCastReceiver.framework in Frameworks */ = {isa = PBXBuildFile; fileRef = B4C1A4F23ECCB9EC68458663 /* Pods_FCastReceiver.framework */; };
		52A1B2C3D4E5F607A000001F /* FCastReceiverApp.swift in Sources */ = {isa = PBXBuildFile; fileRef = 52A1B2C3D4E5F607A0000013 /* FCastReceiverApp.swift */; };
		52A1B2C3D4E5F607A0000020 /* FCastPackets.swift in Sources */ = {isa = PBXBuildFile; fileRef = 52A1B2C3D4E5F607A0000014 /* FCastPackets.swift */; };
		52A1B2C3D4E5F607A0000021 /* FCastSession.swift in Sources */ = {isa = PBXBuildFile; fileRef = 52A1B2C3D4E5F607A0000015 /* FCastSession.swift */; };
		52A1B2C3D4E5F607A0000022 /* FCastServer.swift in Sources */ = {isa = PBXBuildFile; fileRef = 52A1B2C3D4E5F607A0000016 /* FCastServer.swift */; };
		52A1B2C3D4E5F607A0000023 /* PlayerManager.swift in Sources */ = {isa = PBXBuildFile; fileRef = 52A1B2C3D4E5F607A0000017 /* PlayerManager.swift */; };
		52A1B2C3D4E5F607A0000024 /* NetworkHelper.swift in Sources */ = {isa = PBXBuildFile; fileRef = 52A1B2C3D4E5F607A0000018 /* NetworkHelper.swift */; };
		52A1B2C3D4E5F607A0000025 /* IdleView.swift in Sources */ = {isa = PBXBuildFile; fileRef = 52A1B2C3D4E5F607A0000019 /* IdleView.swift */; };
		52A1B2C3D4E5F607A0000026 /* PlayerView.swift in Sources */ = {isa = PBXBuildFile; fileRef = 52A1B2C3D4E5F607A000001A /* PlayerView.swift */; };
		52A1B2C3D4E5F607A0000027 /* Assets.xcassets in Resources */ = {isa = PBXBuildFile; fileRef = 52A1B2C3D4E5F607A000001B /* Assets.xcassets */; };
		52A1B2C3D4E5F607A0000037 /* PrivacyInfo.xcprivacy in Resources */ = {isa = PBXBuildFile; fileRef = 52A1B2C3D4E5F607A0000038 /* PrivacyInfo.xcprivacy */; };
		52A1B2C3D4E5F607A0000029 /* ContentView.swift in Sources */ = {isa = PBXBuildFile; fileRef = 52A1B2C3D4E5F607A0000028 /* ContentView.swift */; };
		52A1B2C3D4E5F607A000002A /* AboutView.swift in Sources */ = {isa = PBXBuildFile; fileRef = 52A1B2C3D4E5F607A000002B /* AboutView.swift */; };
		52A1B2C3D4E5F607A000002F /* VLCPlayerView.swift in Sources */ = {isa = PBXBuildFile; fileRef = 52A1B2C3D4E5F607A000002C /* VLCPlayerView.swift */; };
		52A1B2C3D4E5F607A0000030 /* ImageDisplayView.swift in Sources */ = {isa = PBXBuildFile; fileRef = 52A1B2C3D4E5F607A000002D /* ImageDisplayView.swift */; };
		52A1B2C3D4E5F607A0000034 /* WHEPClient.swift in Sources */ = {isa = PBXBuildFile; fileRef = 52A1B2C3D4E5F607A0000033 /* WHEPClient.swift */; };
		52A1B2C3D4E5F607A0000036 /* WebRTCPlayerView.swift in Sources */ = {isa = PBXBuildFile; fileRef = 52A1B2C3D4E5F607A0000035 /* WebRTCPlayerView.swift */; };
/* End PBXBuildFile section */

/* Begin PBXFileReference section */
		0A3D8D870AA91313279569B4 /* Pods-FCastReceiver.debug.xcconfig */ = {isa = PBXFileReference; includeInIndex = 1; lastKnownFileType = text.xcconfig; name = "Pods-FCastReceiver.debug.xcconfig"; path = "Target Support Files/Pods-FCastReceiver/Pods-FCastReceiver.debug.xcconfig"; sourceTree = "<group>"; };
		0D86799A1BE18DB37235E30C /* Pods-FCastReceiver.release.xcconfig */ = {isa = PBXFileReference; includeInIndex = 1; lastKnownFileType = text.xcconfig; name = "Pods-FCastReceiver.release.xcconfig"; path = "Target Support Files/Pods-FCastReceiver/Pods-FCastReceiver.release.xcconfig"; sourceTree = "<group>"; };
		52A1B2C3D4E5F607A0000013 /* FCastReceiverApp.swift */ = {isa = PBXFileReference; lastKnownFileType = sourcecode.swift; path = FCastReceiverApp.swift; sourceTree = "<group>"; };
		52A1B2C3D4E5F607A0000014 /* FCastPackets.swift */ = {isa = PBXFileReference; lastKnownFileType = sourcecode.swift; path = FCastPackets.swift; sourceTree = "<group>"; };
		52A1B2C3D4E5F607A0000015 /* FCastSession.swift */ = {isa = PBXFileReference; lastKnownFileType = sourcecode.swift; path = FCastSession.swift; sourceTree = "<group>"; };
		52A1B2C3D4E5F607A0000016 /* FCastServer.swift */ = {isa = PBXFileReference; lastKnownFileType = sourcecode.swift; path = FCastServer.swift; sourceTree = "<group>"; };
		52A1B2C3D4E5F607A0000017 /* PlayerManager.swift */ = {isa = PBXFileReference; lastKnownFileType = sourcecode.swift; path = PlayerManager.swift; sourceTree = "<group>"; };
		52A1B2C3D4E5F607A0000018 /* NetworkHelper.swift */ = {isa = PBXFileReference; lastKnownFileType = sourcecode.swift; path = NetworkHelper.swift; sourceTree = "<group>"; };
		52A1B2C3D4E5F607A0000019 /* IdleView.swift */ = {isa = PBXFileReference; lastKnownFileType = sourcecode.swift; path = IdleView.swift; sourceTree = "<group>"; };
		52A1B2C3D4E5F607A000001A /* PlayerView.swift */ = {isa = PBXFileReference; lastKnownFileType = sourcecode.swift; path = PlayerView.swift; sourceTree = "<group>"; };
		52A1B2C3D4E5F607A000001B /* Assets.xcassets */ = {isa = PBXFileReference; lastKnownFileType = folder.assetcatalog; path = Assets.xcassets; sourceTree = "<group>"; };
		52A1B2C3D4E5F607A000001C /* Info.plist */ = {isa = PBXFileReference; lastKnownFileType = text.plist.xml; path = Info.plist; sourceTree = "<group>"; };
		52A1B2C3D4E5F607A000001D /* FCastReceiver.entitlements */ = {isa = PBXFileReference; lastKnownFileType = text.plist.entitlements; path = FCastReceiver.entitlements; sourceTree = "<group>"; };
		52A1B2C3D4E5F607A0000038 /* PrivacyInfo.xcprivacy */ = {isa = PBXFileReference; lastKnownFileType = text.xml; path = PrivacyInfo.xcprivacy; sourceTree = "<group>"; };
		52A1B2C3D4E5F607A000001E /* FCastReceiver.app */ = {isa = PBXFileReference; explicitFileType = wrapper.application; includeInIndex = 0; path = FCastReceiver.app; sourceTree = BUILT_PRODUCTS_DIR; };
		52A1B2C3D4E5F607A0000028 /* ContentView.swift */ = {isa = PBXFileReference; lastKnownFileType = sourcecode.swift; path = ContentView.swift; sourceTree = "<group>"; };
		52A1B2C3D4E5F607A000002B /* AboutView.swift */ = {isa = PBXFileReference; lastKnownFileType = sourcecode.swift; path = AboutView.swift; sourceTree = "<group>"; };
		52A1B2C3D4E5F607A000002C /* VLCPlayerView.swift */ = {isa = PBXFileReference; lastKnownFileType = sourcecode.swift; path = VLCPlayerView.swift; sourceTree = "<group>"; };
		52A1B2C3D4E5F607A000002D /* ImageDisplayView.swift */ = {isa = PBXFileReference; lastKnownFileType = sourcecode.swift; path = ImageDisplayView.swift; sourceTree = "<group>"; };
		52A1B2C3D4E5F607A000002E /* FCastReceiver-Bridging-Header.h */ = {isa = PBXFileReference; lastKnownFileType = sourcecode.c.h; path = "FCastReceiver-Bridging-Header.h"; sourceTree = "<group>"; };
		52A1B2C3D4E5F607A0000033 /* WHEPClient.swift */ = {isa = PBXFileReference; lastKnownFileType = sourcecode.swift; path = WHEPClient.swift; sourceTree = "<group>"; };
		52A1B2C3D4E5F607A0000035 /* WebRTCPlayerView.swift */ = {isa = PBXFileReference; lastKnownFileType = sourcecode.swift; path = WebRTCPlayerView.swift; sourceTree = "<group>"; };
		B4C1A4F23ECCB9EC68458663 /* Pods_FCastReceiver.framework */ = {isa = PBXFileReference; explicitFileType = wrapper.framework; includeInIndex = 0; path = Pods_FCastReceiver.framework; sourceTree = BUILT_PRODUCTS_DIR; };
/* End PBXFileReference section */

/* Begin PBXFrameworksBuildPhase section */
		52A1B2C3D4E5F607A0000005 /* Frameworks */ = {
			isa = PBXFrameworksBuildPhase;
			buildActionMask = 2147483647;
			files = (
				2E21D9D7366F3DCF4C92F169 /* Pods_FCastReceiver.framework in Frameworks */,
			);
			runOnlyForDeploymentPostprocessing = 0;
		};
/* End PBXFrameworksBuildPhase section */

/* Begin PBXGroup section */
		3B005A2CA84A24861E461129 /* Frameworks */ = {
			isa = PBXGroup;
			children = (
				B4C1A4F23ECCB9EC68458663 /* Pods_FCastReceiver.framework */,
			);
			name = Frameworks;
			sourceTree = "<group>";
		};
		52A1B2C3D4E5F607A0000006 = {
			isa = PBXGroup;
			children = (
				52A1B2C3D4E5F607A0000007 /* FCastReceiver */,
				52A1B2C3D4E5F607A000000C /* Products */,
				6265AAABE910551CBC602B63 /* Pods */,
				3B005A2CA84A24861E461129 /* Frameworks */,
			);
			sourceTree = "<group>";
		};
		52A1B2C3D4E5F607A0000007 /* FCastReceiver */ = {
			isa = PBXGroup;
			children = (
				52A1B2C3D4E5F607A0000013 /* FCastReceiverApp.swift */,
				52A1B2C3D4E5F607A000002E /* FCastReceiver-Bridging-Header.h */,
				52A1B2C3D4E5F607A0000008 /* Protocol */,
				52A1B2C3D4E5F607A0000009 /* Player */,
				52A1B2C3D4E5F607A000000A /* UI */,
				52A1B2C3D4E5F607A000000B /* Utilities */,
				52A1B2C3D4E5F607A000001B /* Assets.xcassets */,
				52A1B2C3D4E5F607A000001C /* Info.plist */,
				52A1B2C3D4E5F607A000001D /* FCastReceiver.entitlements */,
				52A1B2C3D4E5F607A0000038 /* PrivacyInfo.xcprivacy */,
			);
			path = FCastReceiver;
			sourceTree = "<group>";
		};
		52A1B2C3D4E5F607A0000008 /* Protocol */ = {
			isa = PBXGroup;
			children = (
				52A1B2C3D4E5F607A0000014 /* FCastPackets.swift */,
				52A1B2C3D4E5F607A0000015 /* FCastSession.swift */,
				52A1B2C3D4E5F607A0000016 /* FCastServer.swift */,
			);
			path = Protocol;
			sourceTree = "<group>";
		};
		52A1B2C3D4E5F607A0000009 /* Player */ = {
			isa = PBXGroup;
			children = (
				52A1B2C3D4E5F607A0000017 /* PlayerManager.swift */,
				52A1B2C3D4E5F607A0000033 /* WHEPClient.swift */,
			);
			path = Player;
			sourceTree = "<group>";
		};
		52A1B2C3D4E5F607A000000A /* UI */ = {
			isa = PBXGroup;
			children = (
				52A1B2C3D4E5F607A000002B /* AboutView.swift */,
				52A1B2C3D4E5F607A0000028 /* ContentView.swift */,
				52A1B2C3D4E5F607A000002D /* ImageDisplayView.swift */,
				52A1B2C3D4E5F607A0000019 /* IdleView.swift */,
				52A1B2C3D4E5F607A000001A /* PlayerView.swift */,
				52A1B2C3D4E5F607A000002C /* VLCPlayerView.swift */,
				52A1B2C3D4E5F607A0000035 /* WebRTCPlayerView.swift */,
			);
			path = UI;
			sourceTree = "<group>";
		};
		52A1B2C3D4E5F607A000000B /* Utilities */ = {
			isa = PBXGroup;
			children = (
				52A1B2C3D4E5F607A0000018 /* NetworkHelper.swift */,
			);
			path = Utilities;
			sourceTree = "<group>";
		};
		52A1B2C3D4E5F607A000000C /* Products */ = {
			isa = PBXGroup;
			children = (
				52A1B2C3D4E5F607A000001E /* FCastReceiver.app */,
			);
			name = Products;
			sourceTree = "<group>";
		};
		6265AAABE910551CBC602B63 /* Pods */ = {
			isa = PBXGroup;
			children = (
				0A3D8D870AA91313279569B4 /* Pods-FCastReceiver.debug.xcconfig */,
				0D86799A1BE18DB37235E30C /* Pods-FCastReceiver.release.xcconfig */,
			);
			name = Pods;
			path = Pods;
			sourceTree = "<group>";
		};
/* End PBXGroup section */

/* Begin PBXNativeTarget section */
		52A1B2C3D4E5F607A0000002 /* FCastReceiver */ = {
			isa = PBXNativeTarget;
			buildConfigurationList = 52A1B2C3D4E5F607A000000E /* Build configuration list for PBXNativeTarget "FCastReceiver" */;
			buildPhases = (
				C9284993D7A86272142F125E /* [CP] Check Pods Manifest.lock */,
				52A1B2C3D4E5F607A0000003 /* Sources */,
				52A1B2C3D4E5F607A0000004 /* Resources */,
				52A1B2C3D4E5F607A0000005 /* Frameworks */,
				522E4C3D793A150FC5D776C9 /* [CP] Embed Pods Frameworks */,
			);
			buildRules = (
			);
			dependencies = (
			);
			name = FCastReceiver;
			packageProductDependencies = (
				52A1B2C3D4E5F607A0000032 /* WebRTC */,
			);
			productName = FCastReceiver;
			productReference = 52A1B2C3D4E5F607A000001E /* FCastReceiver.app */;
			productType = "com.apple.product-type.application";
		};
/* End PBXNativeTarget section */

/* Begin PBXProject section */
		52A1B2C3D4E5F607A0000001 /* Project object */ = {
			isa = PBXProject;
			attributes = {
				BuildIndependentTargetsInParallel = 1;
				LastSwiftUpdateCheck = 1500;
				LastUpgradeCheck = 1500;
				TargetAttributes = {
					52A1B2C3D4E5F607A0000002 = {
						CreatedOnToolsVersion = 15.0;
					};
				};
			};
			buildConfigurationList = 52A1B2C3D4E5F607A000000D /* Build configuration list for PBXProject "FCastReceiver" */;
			compatibilityVersion = "Xcode 14.0";
			developmentRegion = en;
			hasScannedForEncodings = 0;
			knownRegions = (
				en,
				Base,
			);
			mainGroup = 52A1B2C3D4E5F607A0000006;
			productRefGroup = 52A1B2C3D4E5F607A000000C /* Products */;
			projectDirPath = "";
			projectRoot = "";
			packageReferences = (
				52A1B2C3D4E5F607A0000031 /* XCRemoteSwiftPackageReference "Specs" */,
			);
			targets = (
				52A1B2C3D4E5F607A0000002 /* FCastReceiver */,
			);
		};
/* End PBXProject section */

/* Begin PBXResourcesBuildPhase section */
		52A1B2C3D4E5F607A0000004 /* Resources */ = {
			isa = PBXResourcesBuildPhase;
			buildActionMask = 2147483647;
			files = (
				52A1B2C3D4E5F607A0000027 /* Assets.xcassets in Resources */,
				52A1B2C3D4E5F607A0000037 /* PrivacyInfo.xcprivacy in Resources */,
			);
			runOnlyForDeploymentPostprocessing = 0;
		};
/* End PBXResourcesBuildPhase section */

/* Begin PBXShellScriptBuildPhase section */
		522E4C3D793A150FC5D776C9 /* [CP] Embed Pods Frameworks */ = {
			isa = PBXShellScriptBuildPhase;
			buildActionMask = 2147483647;
			files = (
			);
			inputFileListPaths = (
				"${PODS_ROOT}/Target Support Files/Pods-FCastReceiver/Pods-FCastReceiver-frameworks-${CONFIGURATION}-input-files.xcfilelist",
			);
			name = "[CP] Embed Pods Frameworks";
			outputFileListPaths = (
				"${PODS_ROOT}/Target Support Files/Pods-FCastReceiver/Pods-FCastReceiver-frameworks-${CONFIGURATION}-output-files.xcfilelist",
			);
			runOnlyForDeploymentPostprocessing = 0;
			shellPath = /bin/sh;
			shellScript = "\"${PODS_ROOT}/Target Support Files/Pods-FCastReceiver/Pods-FCastReceiver-frameworks.sh\"\n";
			showEnvVarsInLog = 0;
		};
		C9284993D7A86272142F125E /* [CP] Check Pods Manifest.lock */ = {
			isa = PBXShellScriptBuildPhase;
			buildActionMask = 2147483647;
			files = (
			);
			inputFileListPaths = (
			);
			inputPaths = (
				"${PODS_PODFILE_DIR_PATH}/Podfile.lock",
				"${PODS_ROOT}/Manifest.lock",
			);
			name = "[CP] Check Pods Manifest.lock";
			outputFileListPaths = (
			);
			outputPaths = (
				"$(DERIVED_FILE_DIR)/Pods-FCastReceiver-checkManifestLockResult.txt",
			);
			runOnlyForDeploymentPostprocessing = 0;
			shellPath = /bin/sh;
			shellScript = "diff \"${PODS_PODFILE_DIR_PATH}/Podfile.lock\" \"${PODS_ROOT}/Manifest.lock\" > /dev/null\nif [ $? != 0 ] ; then\n    # print error to STDERR\n    echo \"error: The sandbox is not in sync with the Podfile.lock. Run 'pod install' or update your CocoaPods installation.\" >&2\n    exit 1\nfi\n# This output is used by Xcode 'outputs' to avoid re-running this script phase.\necho \"SUCCESS\" > \"${SCRIPT_OUTPUT_FILE_0}\"\n";
			showEnvVarsInLog = 0;
		};
/* End PBXShellScriptBuildPhase section */

/* Begin PBXSourcesBuildPhase section */
		52A1B2C3D4E5F607A0000003 /* Sources */ = {
			isa = PBXSourcesBuildPhase;
			buildActionMask = 2147483647;
			files = (
				52A1B2C3D4E5F607A000001F /* FCastReceiverApp.swift in Sources */,
				52A1B2C3D4E5F607A0000020 /* FCastPackets.swift in Sources */,
				52A1B2C3D4E5F607A0000021 /* FCastSession.swift in Sources */,
				52A1B2C3D4E5F607A0000022 /* FCastServer.swift in Sources */,
				52A1B2C3D4E5F607A0000023 /* PlayerManager.swift in Sources */,
				52A1B2C3D4E5F607A0000024 /* NetworkHelper.swift in Sources */,
				52A1B2C3D4E5F607A0000025 /* IdleView.swift in Sources */,
				52A1B2C3D4E5F607A0000026 /* PlayerView.swift in Sources */,
				52A1B2C3D4E5F607A0000029 /* ContentView.swift in Sources */,
				52A1B2C3D4E5F607A000002A /* AboutView.swift in Sources */,
				52A1B2C3D4E5F607A000002F /* VLCPlayerView.swift in Sources */,
				52A1B2C3D4E5F607A0000030 /* ImageDisplayView.swift in Sources */,
				52A1B2C3D4E5F607A0000034 /* WHEPClient.swift in Sources */,
				52A1B2C3D4E5F607A0000036 /* WebRTCPlayerView.swift in Sources */,
			);
			runOnlyForDeploymentPostprocessing = 0;
		};
/* End PBXSourcesBuildPhase section */

/* Begin XCBuildConfiguration section */
		52A1B2C3D4E5F607A000000F /* Debug */ = {
			isa = XCBuildConfiguration;
			buildSettings = {
				ALWAYS_SEARCH_USER_PATHS = NO;
				CLANG_ANALYZER_NONNULL = YES;
				CLANG_ANALYZER_NUMBER_OBJECT_CONVERSION = YES_AGGRESSIVE;
				CLANG_CXX_LANGUAGE_STANDARD = "gnu++20";
				CLANG_ENABLE_MODULES = YES;
				CLANG_ENABLE_OBJC_ARC = YES;
				CLANG_ENABLE_OBJC_WEAK = YES;
				CLANG_WARN_BLOCK_CAPTURE_AUTORELEASING = YES;
				CLANG_WARN_BOOL_CONVERSION = YES;
				CLANG_WARN_COMMA = YES;
				CLANG_WARN_CONSTANT_CONVERSION = YES;
				CLANG_WARN_DEPRECATED_OBJC_IMPLEMENTATIONS = YES;
				CLANG_WARN_DIRECT_OBJC_ISA_USAGE = YES_ERROR;
				CLANG_WARN_DOCUMENTATION_COMMENTS = YES;
				CLANG_WARN_EMPTY_BODY = YES;
				CLANG_WARN_ENUM_CONVERSION = YES;
				CLANG_WARN_INFINITE_RECURSION = YES;
				CLANG_WARN_INT_CONVERSION = YES;
				CLANG_WARN_NON_LITERAL_NULL_CONVERSION = YES;
				CLANG_WARN_OBJC_IMPLICIT_RETAIN_SELF = YES;
				CLANG_WARN_OBJC_LITERAL_CONVERSION = YES;
				CLANG_WARN_OBJC_ROOT_CLASS = YES_ERROR;
				CLANG_WARN_QUOTED_INCLUDE_IN_FRAMEWORK_HEADER = YES;
				CLANG_WARN_RANGE_LOOP_ANALYSIS = YES;
				CLANG_WARN_STRICT_PROTOTYPES = YES;
				CLANG_WARN_SUSPICIOUS_MOVE = YES;
				CLANG_WARN_UNGUARDED_AVAILABILITY = YES_AGGRESSIVE;
				CLANG_WARN_UNREACHABLE_CODE = YES;
				CLANG_WARN__DUPLICATE_METHOD_MATCH = YES;
				COPY_PHASE_STRIP = NO;
				DEBUG_INFORMATION_FORMAT = dwarf;
				ENABLE_STRICT_OBJC_MSGSEND = YES;
				ENABLE_TESTABILITY = YES;
				GCC_C_LANGUAGE_STANDARD = gnu11;
				GCC_DYNAMIC_NO_PIC = NO;
				GCC_NO_COMMON_BLOCKS = YES;
				GCC_OPTIMIZATION_LEVEL = 0;
				GCC_PREPROCESSOR_DEFINITIONS = (
					"DEBUG=1",
					"$(inherited)",
				);
				GCC_WARN_64_TO_32_BIT_CONVERSION = YES;
				GCC_WARN_ABOUT_RETURN_TYPE = YES_ERROR;
				GCC_WARN_UNDECLARED_SELECTOR = YES;
				GCC_WARN_UNINITIALIZED_AUTOS = YES_AGGRESSIVE;
				GCC_WARN_UNUSED_FUNCTION = YES;
				GCC_WARN_UNUSED_VARIABLE = YES;
				MTL_ENABLE_DEBUG_INFO = INCLUDE_SOURCE;
				MTL_FAST_MATH = YES;
				ONLY_ACTIVE_ARCH = YES;
				SDKROOT = appletvos;
				SWIFT_ACTIVE_COMPILATION_CONDITIONS = DEBUG;
				SWIFT_OPTIMIZATION_LEVEL = "-Onone";
				TVOS_DEPLOYMENT_TARGET = 17.0;
			};
			name = Debug;
		};
		52A1B2C3D4E5F607A0000010 /* Release */ = {
			isa = XCBuildConfiguration;
			buildSettings = {
				ALWAYS_SEARCH_USER_PATHS = NO;
				CLANG_ANALYZER_NONNULL = YES;
				CLANG_ANALYZER_NUMBER_OBJECT_CONVERSION = YES_AGGRESSIVE;
				CLANG_CXX_LANGUAGE_STANDARD = "gnu++20";
				CLANG_ENABLE_MODULES = YES;
				CLANG_ENABLE_OBJC_ARC = YES;
				CLANG_ENABLE_OBJC_WEAK = YES;
				CLANG_WARN_BLOCK_CAPTURE_AUTORELEASING = YES;
				CLANG_WARN_BOOL_CONVERSION = YES;
				CLANG_WARN_COMMA = YES;
				CLANG_WARN_CONSTANT_CONVERSION = YES;
				CLANG_WARN_DEPRECATED_OBJC_IMPLEMENTATIONS = YES;
				CLANG_WARN_DIRECT_OBJC_ISA_USAGE = YES_ERROR;
				CLANG_WARN_DOCUMENTATION_COMMENTS = YES;
				CLANG_WARN_EMPTY_BODY = YES;
				CLANG_WARN_ENUM_CONVERSION = YES;
				CLANG_WARN_INFINITE_RECURSION = YES;
				CLANG_WARN_INT_CONVERSION = YES;
				CLANG_WARN_NON_LITERAL_NULL_CONVERSION = YES;
				CLANG_WARN_OBJC_IMPLICIT_RETAIN_SELF = YES;
				CLANG_WARN_OBJC_LITERAL_CONVERSION = YES;
				CLANG_WARN_OBJC_ROOT_CLASS = YES_ERROR;
				CLANG_WARN_QUOTED_INCLUDE_IN_FRAMEWORK_HEADER = YES;
				CLANG_WARN_RANGE_LOOP_ANALYSIS = YES;
				CLANG_WARN_STRICT_PROTOTYPES = YES;
				CLANG_WARN_SUSPICIOUS_MOVE = YES;
				CLANG_WARN_UNGUARDED_AVAILABILITY = YES_AGGRESSIVE;
				CLANG_WARN_UNREACHABLE_CODE = YES;
				CLANG_WARN__DUPLICATE_METHOD_MATCH = YES;
				COPY_PHASE_STRIP = NO;
				DEBUG_INFORMATION_FORMAT = "dwarf-with-dsym";
				ENABLE_NS_ASSERTIONS = NO;
				ENABLE_STRICT_OBJC_MSGSEND = YES;
				GCC_C_LANGUAGE_STANDARD = gnu11;
				GCC_NO_COMMON_BLOCKS = YES;
				GCC_WARN_64_TO_32_BIT_CONVERSION = YES;
				GCC_WARN_ABOUT_RETURN_TYPE = YES_ERROR;
				GCC_WARN_UNDECLARED_SELECTOR = YES;
				GCC_WARN_UNINITIALIZED_AUTOS = YES_AGGRESSIVE;
				GCC_WARN_UNUSED_FUNCTION = YES;
				GCC_WARN_UNUSED_VARIABLE = YES;
				MTL_ENABLE_DEBUG_INFO = NO;
				MTL_FAST_MATH = YES;
				SDKROOT = appletvos;
				SWIFT_COMPILATION_MODE = wholemodule;
				SWIFT_OPTIMIZATION_LEVEL = "-O";
				TVOS_DEPLOYMENT_TARGET = 17.0;
				VALIDATE_PRODUCT = YES;
			};
			name = Release;
		};
		52A1B2C3D4E5F607A0000011 /* Debug */ = {
			isa = XCBuildConfiguration;
			baseConfigurationReference = 0A3D8D870AA91313279569B4 /* Pods-FCastReceiver.debug.xcconfig */;
			buildSettings = {
				ASSETCATALOG_COMPILER_APPICON_NAME = "App Icon & Top Shelf Image";
				ASSETCATALOG_COMPILER_GLOBAL_ACCENT_COLOR_NAME = AccentColor;
				CODE_SIGN_ENTITLEMENTS = FCastReceiver/FCastReceiver.entitlements;
				CODE_SIGN_IDENTITY = "Apple Development";
				"CODE_SIGN_IDENTITY[sdk=appletvos*]" = "iPhone Distribution";
				CODE_SIGN_STYLE = Manual;
				CURRENT_PROJECT_VERSION = 1;
				DEVELOPMENT_ASSET_PATHS = "";
				DEVELOPMENT_TEAM = "";
				"DEVELOPMENT_TEAM[sdk=appletvos*]" = 44SCLSYCZZ;
				ENABLE_PREVIEWS = YES;
				INFOPLIST_FILE = FCastReceiver/Info.plist;
				LD_RUNPATH_SEARCH_PATHS = (
					"$(inherited)",
					"@executable_path/Frameworks",
				);
				MARKETING_VERSION = 1.4;
				PRODUCT_BUNDLE_IDENTIFIER = tv.fcast.receiver;
				PRODUCT_NAME = "$(TARGET_NAME)";
				PROVISIONING_PROFILE_SPECIFIER = "";
				"PROVISIONING_PROFILE_SPECIFIER[sdk=appletvos*]" = "FCast Receiver tvOS App Store";
				SWIFT_EMIT_LOC_STRINGS = YES;
				SWIFT_OBJC_BRIDGING_HEADER = "FCastReceiver/FCastReceiver-Bridging-Header.h";
				SWIFT_VERSION = 5.0;
				TARGETED_DEVICE_FAMILY = 3;
				TVOS_DEPLOYMENT_TARGET = 17.0;
			};
			name = Debug;
		};
		52A1B2C3D4E5F607A0000012 /* Release */ = {
			isa = XCBuildConfiguration;
			baseConfigurationReference = 0D86799A1BE18DB37235E30C /* Pods-FCastReceiver.release.xcconfig */;
			buildSettings = {
				ASSETCATALOG_COMPILER_APPICON_NAME = "App Icon & Top Shelf Image";
				ASSETCATALOG_COMPILER_GLOBAL_ACCENT_COLOR_NAME = AccentColor;
				CODE_SIGN_ENTITLEMENTS = FCastReceiver/FCastReceiver.entitlements;
				CODE_SIGN_IDENTITY = "Apple Development";
				"CODE_SIGN_IDENTITY[sdk=appletvos*]" = "iPhone Distribution";
				CODE_SIGN_STYLE = Manual;
				CURRENT_PROJECT_VERSION = 1;
				DEVELOPMENT_ASSET_PATHS = "";
				DEVELOPMENT_TEAM = "";
				"DEVELOPMENT_TEAM[sdk=appletvos*]" = 44SCLSYCZZ;
				ENABLE_PREVIEWS = YES;
				INFOPLIST_FILE = FCastReceiver/Info.plist;
				LD_RUNPATH_SEARCH_PATHS = (
					"$(inherited)",
					"@executable_path/Frameworks",
				);
				MARKETING_VERSION = 1.4;
				PRODUCT_BUNDLE_IDENTIFIER = tv.fcast.receiver;
				PRODUCT_NAME = "$(TARGET_NAME)";
				PROVISIONING_PROFILE_SPECIFIER = "";
				"PROVISIONING_PROFILE_SPECIFIER[sdk=appletvos*]" = "FCast Receiver tvOS App Store";
				SWIFT_EMIT_LOC_STRINGS = YES;
				SWIFT_OBJC_BRIDGING_HEADER = "FCastReceiver/FCastReceiver-Bridging-Header.h";
				SWIFT_VERSION = 5.0;
				TARGETED_DEVICE_FAMILY = 3;
				TVOS_DEPLOYMENT_TARGET = 17.0;
			};
			name = Release;
		};
/* End XCBuildConfiguration section */

/* Begin XCConfigurationList section */
		52A1B2C3D4E5F607A000000D /* Build configuration list for PBXProject "FCastReceiver" */ = {
			isa = XCConfigurationList;
			buildConfigurations = (
				52A1B2C3D4E5F607A000000F /* Debug */,
				52A1B2C3D4E5F607A0000010 /* Release */,
			);
			defaultConfigurationIsVisible = 0;
			defaultConfigurationName = Release;
		};
		52A1B2C3D4E5F607A000000E /* Build configuration list for PBXNativeTarget "FCastReceiver" */ = {
			isa = XCConfigurationList;
			buildConfigurations = (
				52A1B2C3D4E5F607A0000011 /* Debug */,
				52A1B2C3D4E5F607A0000012 /* Release */,
			);
			defaultConfigurationIsVisible = 0;
			defaultConfigurationName = Release;
		};
/* End XCConfigurationList section */

/* Begin XCRemoteSwiftPackageReference section */
		52A1B2C3D4E5F607A0000031 /* XCRemoteSwiftPackageReference "Specs" */ = {
			isa = XCRemoteSwiftPackageReference;
			repositoryURL = "https://github.com/webrtc-sdk/Specs.git";
			requirement = {
				kind = exactVersion;
				version = "137.7151.00";
			};
		};
/* End XCRemoteSwiftPackageReference section */

/* Begin XCSwiftPackageProductDependency section */
		52A1B2C3D4E5F607A0000032 /* WebRTC */ = {
			isa = XCSwiftPackageProductDependency;
			package = 52A1B2C3D4E5F607A0000031 /* XCRemoteSwiftPackageReference "Specs" */;
			productName = WebRTC;
		};
/* End XCSwiftPackageProductDependency section */
	};
	rootObject = 52A1B2C3D4E5F607A0000001 /* Project object */;
}
